
Microsoft Visual Studio Solution File, Format Version 12.00
# Visual Studio 15
VisualStudioVersion = 15.0.27428.2015
MinimumVisualStudioVersion = 10.0.40219.1
Project("{FAE04EC0-301F-11D3-BF4B-00C04F79EFBC}") = "GroupTaxi.Android", "GroupTaxi\GroupTaxi.Android\GroupTaxi.Android.csproj", "{4AE97E98-4B71-4AAE-B5D5-EE645B9A5531}"
EndProject
Project("{FAE04EC0-301F-11D3-BF4B-00C04F79EFBC}") = "GroupTaxi.iOS", "GroupTaxi\GroupTaxi.iOS\GroupTaxi.iOS.csproj", "{90EC125E-9B90-431D-89E5-3A65BB27396E}"
EndProject
Project("{FAE04EC0-301F-11D3-BF4B-00C04F79EFBC}") = "GroupTaxi.UWP", "GroupTaxi\GroupTaxi.UWP\GroupTaxi.UWP.csproj", "{674AB44E-E526-4A93-B98A-3F9186400EF4}"
EndProject
Project("{D954291E-2A0B-460D-934E-DC6B0785DB48}") = "GroupTaxi", "GroupTaxi\GroupTaxi\GroupTaxi.shproj", "{82186BC8-71A0-4C91-8812-F24366405F61}"
EndProject
Global
	GlobalSection(SharedMSBuildProjectFiles) = preSolution
		GroupTaxi\GroupTaxi\GroupTaxi.projitems*{4ae97e98-4b71-4aae-b5d5-ee645b9a5531}*SharedItemsImports = 4
		GroupTaxi\GroupTaxi\GroupTaxi.projitems*{674ab44e-e526-4a93-b98a-3f9186400ef4}*SharedItemsImports = 4
		GroupTaxi\GroupTaxi\GroupTaxi.projitems*{82186bc8-71a0-4c91-8812-f24366405f61}*SharedItemsImports = 13
		GroupTaxi\GroupTaxi\GroupTaxi.projitems*{90ec125e-9b90-431d-89e5-3a65bb27396e}*SharedItemsImports = 4
	EndGlobalSection
	GlobalSection(SolutionConfigurationPlatforms) = preSolution
		Ad-Hoc|Any CPU = Ad-Hoc|Any CPU
		Ad-Hoc|ARM = Ad-Hoc|ARM
		Ad-Hoc|iPhone = Ad-Hoc|iPhone
		Ad-Hoc|iPhoneSimulator = Ad-Hoc|iPhoneSimulator
		Ad-Hoc|x64 = Ad-Hoc|x64
		Ad-Hoc|x86 = Ad-Hoc|x86
		AppStore|Any CPU = AppStore|Any CPU
		AppStore|ARM = AppStore|ARM
		AppStore|iPhone = AppStore|iPhone
		AppStore|iPhoneSimulator = AppStore|iPhoneSimulator
		AppStore|x64 = AppStore|x64
		AppStore|x86 = AppStore|x86
		Debug|Any CPU = Debug|Any CPU
		Debug|ARM = Debug|ARM
		Debug|iPhone = Debug|iPhone
		Debug|iPhoneSimulator = Debug|iPhoneSimulator
		Debug|x64 = Debug|x64
		Debug|x86 = Debug|x86
		Release|Any CPU = Release|Any CPU
		Release|ARM = Release|ARM
		Release|iPhone = Release|iPhone
		Release|iPhoneSimulator = Release|iPhoneSimulator
		Release|x64 = Release|x64
		Release|x86 = Release|x86
	EndGlobalSection
	GlobalSection(ProjectConfigurationPlatforms) = postSolution
		{4AE97E98-4B71-4AAE-B5D5-EE645B9A5531}.Ad-Hoc|Any CPU.ActiveCfg = Release|Any CPU
		{4AE97E98-4B71-4AAE-B5D5-EE645B9A5531}.Ad-Hoc|Any CPU.Build.0 = Release|Any CPU
		{4AE97E98-4B71-4AAE-B5D5-EE645B9A5531}.Ad-Hoc|Any CPU.Deploy.0 = Release|Any CPU
		{4AE97E98-4B71-4AAE-B5D5-EE645B9A5531}.Ad-Hoc|ARM.ActiveCfg = Release|Any CPU
		{4AE97E98-4B71-4AAE-B5D5-EE645B9A5531}.Ad-Hoc|ARM.Build.0 = Release|Any CPU
		{4AE97E98-4B71-4AAE-B5D5-EE645B9A5531}.Ad-Hoc|ARM.Deploy.0 = Release|Any CPU
		{4AE97E98-4B71-4AAE-B5D5-EE645B9A5531}.Ad-Hoc|iPhone.ActiveCfg = Release|Any CPU
		{4AE97E98-4B71-4AAE-B5D5-EE645B9A5531}.Ad-Hoc|iPhone.Build.0 = Release|Any CPU
		{4AE97E98-4B71-4AAE-B5D5-EE645B9A5531}.Ad-Hoc|iPhone.Deploy.0 = Release|Any CPU
		{4AE97E98-4B71-4AAE-B5D5-EE645B9A5531}.Ad-Hoc|iPhoneSimulator.ActiveCfg = Release|Any CPU
		{4AE97E98-4B71-4AAE-B5D5-EE645B9A5531}.Ad-Hoc|iPhoneSimulator.Build.0 = Release|Any CPU
		{4AE97E98-4B71-4AAE-B5D5-EE645B9A5531}.Ad-Hoc|iPhoneSimulator.Deploy.0 = Release|Any CPU
		{4AE97E98-4B71-4AAE-B5D5-EE645B9A5531}.Ad-Hoc|x64.ActiveCfg = Release|Any CPU
		{4AE97E98-4B71-4AAE-B5D5-EE645B9A5531}.Ad-Hoc|x64.Build.0 = Release|Any CPU
		{4AE97E98-4B71-4AAE-B5D5-EE645B9A5531}.Ad-Hoc|x64.Deploy.0 = Release|Any CPU
		{4AE97E98-4B71-4AAE-B5D5-EE645B9A5531}.Ad-Hoc|x86.ActiveCfg = Release|Any CPU
		{4AE97E98-4B71-4AAE-B5D5-EE645B9A5531}.Ad-Hoc|x86.Build.0 = Release|Any CPU
		{4AE97E98-4B71-4AAE-B5D5-EE645B9A5531}.Ad-Hoc|x86.Deploy.0 = Release|Any CPU
		{4AE97E98-4B71-4AAE-B5D5-EE645B9A5531}.AppStore|Any CPU.ActiveCfg = Release|Any CPU
		{4AE97E98-4B71-4AAE-B5D5-EE645B9A5531}.AppStore|Any CPU.Build.0 = Release|Any CPU
		{4AE97E98-4B71-4AAE-B5D5-EE645B9A5531}.AppStore|Any CPU.Deploy.0 = Release|Any CPU
		{4AE97E98-4B71-4AAE-B5D5-EE645B9A5531}.AppStore|ARM.ActiveCfg = Release|Any CPU
		{4AE97E98-4B71-4AAE-B5D5-EE645B9A5531}.AppStore|ARM.Build.0 = Release|Any CPU
		{4AE97E98-4B71-4AAE-B5D5-EE645B9A5531}.AppStore|ARM.Deploy.0 = Release|Any CPU
		{4AE97E98-4B71-4AAE-B5D5-EE645B9A5531}.AppStore|iPhone.ActiveCfg = Release|Any CPU
		{4AE97E98-4B71-4AAE-B5D5-EE645B9A5531}.AppStore|iPhone.Build.0 = Release|Any CPU
		{4AE97E98-4B71-4AAE-B5D5-EE645B9A5531}.AppStore|iPhone.Deploy.0 = Release|Any CPU
		{4AE97E98-4B71-4AAE-B5D5-EE645B9A5531}.AppStore|iPhoneSimulator.ActiveCfg = Release|Any CPU
		{4AE97E98-4B71-4AAE-B5D5-EE645B9A5531}.AppStore|iPhoneSimulator.Build.0 = Release|Any CPU
		{4AE97E98-4B71-4AAE-B5D5-EE645B9A5531}.AppStore|iPhoneSimulator.Deploy.0 = Release|Any CPU
		{4AE97E98-4B71-4AAE-B5D5-EE645B9A5531}.AppStore|x64.ActiveCfg = Release|Any CPU
		{4AE97E98-4B71-4AAE-B5D5-EE645B9A5531}.AppStore|x64.Build.0 = Release|Any CPU
		{4AE97E98-4B71-4AAE-B5D5-EE645B9A5531}.AppStore|x64.Deploy.0 = Release|Any CPU
		{4AE97E98-4B71-4AAE-B5D5-EE645B9A5531}.AppStore|x86.ActiveCfg = Release|Any CPU
		{4AE97E98-4B71-4AAE-B5D5-EE645B9A5531}.AppStore|x86.Build.0 = Release|Any CPU
		{4AE97E98-4B71-4AAE-B5D5-EE645B9A5531}.AppStore|x86.Deploy.0 = Release|Any CPU
		{4AE97E98-4B71-4AAE-B5D5-EE645B9A5531}.Debug|Any CPU.ActiveCfg = Debug|Any CPU
		{4AE97E98-4B71-4AAE-B5D5-EE645B9A5531}.Debug|Any CPU.Build.0 = Debug|Any CPU
		{4AE97E98-4B71-4AAE-B5D5-EE645B9A5531}.Debug|Any CPU.Deploy.0 = Debug|Any CPU
		{4AE97E98-4B71-4AAE-B5D5-EE645B9A5531}.Debug|ARM.ActiveCfg = Debug|Any CPU
		{4AE97E98-4B71-4AAE-B5D5-EE645B9A5531}.Debug|ARM.Build.0 = Debug|Any CPU
		{4AE97E98-4B71-4AAE-B5D5-EE645B9A5531}.Debug|ARM.Deploy.0 = Debug|Any CPU
		{4AE97E98-4B71-4AAE-B5D5-EE645B9A5531}.Debug|iPhone.ActiveCfg = Debug|Any CPU
		{4AE97E98-4B71-4AAE-B5D5-EE645B9A5531}.Debug|iPhone.Build.0 = Debug|Any CPU
		{4AE97E98-4B71-4AAE-B5D5-EE645B9A5531}.Debug|iPhone.Deploy.0 = Debug|Any CPU
		{4AE97E98-4B71-4AAE-B5D5-EE645B9A5531}.Debug|iPhoneSimulator.ActiveCfg = Debug|Any CPU
		{4AE97E98-4B71-4AAE-B5D5-EE645B9A5531}.Debug|iPhoneSimulator.Build.0 = Debug|Any CPU
		{4AE97E98-4B71-4AAE-B5D5-EE645B9A5531}.Debug|iPhoneSimulator.Deploy.0 = Debug|Any CPU
		{4AE97E98-4B71-4AAE-B5D5-EE645B9A5531}.Debug|x64.ActiveCfg = Debug|Any CPU
		{4AE97E98-4B71-4AAE-B5D5-EE645B9A5531}.Debug|x64.Build.0 = Debug|Any CPU
		{4AE97E98-4B71-4AAE-B5D5-EE645B9A5531}.Debug|x64.Deploy.0 = Debug|Any CPU
		{4AE97E98-4B71-4AAE-B5D5-EE645B9A5531}.Debug|x86.ActiveCfg = Debug|Any CPU
		{4AE97E98-4B71-4AAE-B5D5-EE645B9A5531}.Debug|x86.Build.0 = Debug|Any CPU
		{4AE97E98-4B71-4AAE-B5D5-EE645B9A5531}.Debug|x86.Deploy.0 = Debug|Any CPU
		{4AE97E98-4B71-4AAE-B5D5-EE645B9A5531}.Release|Any CPU.ActiveCfg = Release|Any CPU
		{4AE97E98-4B71-4AAE-B5D5-EE645B9A5531}.Release|Any CPU.Build.0 = Release|Any CPU
		{4AE97E98-4B71-4AAE-B5D5-EE645B9A5531}.Release|Any CPU.Deploy.0 = Release|Any CPU
		{4AE97E98-4B71-4AAE-B5D5-EE645B9A5531}.Release|ARM.ActiveCfg = Release|Any CPU
		{4AE97E98-4B71-4AAE-B5D5-EE645B9A5531}.Release|ARM.Build.0 = Release|Any CPU
		{4AE97E98-4B71-4AAE-B5D5-EE645B9A5531}.Release|ARM.Deploy.0 = Release|Any CPU
		{4AE97E98-4B71-4AAE-B5D5-EE645B9A5531}.Release|iPhone.ActiveCfg = Release|Any CPU
		{4AE97E98-4B71-4AAE-B5D5-EE645B9A5531}.Release|iPhone.Build.0 = Release|Any CPU
		{4AE97E98-4B71-4AAE-B5D5-EE645B9A5531}.Release|iPhone.Deploy.0 = Release|Any CPU
		{4AE97E98-4B71-4AAE-B5D5-EE645B9A5531}.Release|iPhoneSimulator.ActiveCfg = Release|Any CPU
		{4AE97E98-4B71-4AAE-B5D5-EE645B9A5531}.Release|iPhoneSimulator.Build.0 = Release|Any CPU
		{4AE97E98-4B71-4AAE-B5D5-EE645B9A5531}.Release|iPhoneSimulator.Deploy.0 = Release|Any CPU
		{4AE97E98-4B71-4AAE-B5D5-EE645B9A5531}.Release|x64.ActiveCfg = Release|Any CPU
		{4AE97E98-4B71-4AAE-B5D5-EE645B9A5531}.Release|x64.Build.0 = Release|Any CPU
		{4AE97E98-4B71-4AAE-B5D5-EE645B9A5531}.Release|x64.Deploy.0 = Release|Any CPU
		{4AE97E98-4B71-4AAE-B5D5-EE645B9A5531}.Release|x86.ActiveCfg = Release|Any CPU
		{4AE97E98-4B71-4AAE-B5D5-EE645B9A5531}.Release|x86.Build.0 = Release|Any CPU
		{4AE97E98-4B71-4AAE-B5D5-EE645B9A5531}.Release|x86.Deploy.0 = Release|Any CPU
		{90EC125E-9B90-431D-89E5-3A65BB27396E}.Ad-Hoc|Any CPU.ActiveCfg = Ad-Hoc|iPhone
		{90EC125E-9B90-431D-89E5-3A65BB27396E}.Ad-Hoc|ARM.ActiveCfg = Ad-Hoc|iPhone
		{90EC125E-9B90-431D-89E5-3A65BB27396E}.Ad-Hoc|iPhone.ActiveCfg = Ad-Hoc|iPhone
		{90EC125E-9B90-431D-89E5-3A65BB27396E}.Ad-Hoc|iPhone.Build.0 = Ad-Hoc|iPhone
		{90EC125E-9B90-431D-89E5-3A65BB27396E}.Ad-Hoc|iPhoneSimulator.ActiveCfg = Ad-Hoc|iPhoneSimulator
		{90EC125E-9B90-431D-89E5-3A65BB27396E}.Ad-Hoc|iPhoneSimulator.Build.0 = Ad-Hoc|iPhoneSimulator
		{90EC125E-9B90-431D-89E5-3A65BB27396E}.Ad-Hoc|x64.ActiveCfg = Ad-Hoc|iPhone
		{90EC125E-9B90-431D-89E5-3A65BB27396E}.Ad-Hoc|x86.ActiveCfg = Ad-Hoc|iPhone
		{90EC125E-9B90-431D-89E5-3A65BB27396E}.AppStore|Any CPU.ActiveCfg = AppStore|iPhone
		{90EC125E-9B90-431D-89E5-3A65BB27396E}.AppStore|ARM.ActiveCfg = AppStore|iPhone
		{90EC125E-9B90-431D-89E5-3A65BB27396E}.AppStore|iPhone.ActiveCfg = AppStore|iPhone
		{90EC125E-9B90-431D-89E5-3A65BB27396E}.AppStore|iPhone.Build.0 = AppStore|iPhone
		{90EC125E-9B90-431D-89E5-3A65BB27396E}.AppStore|iPhoneSimulator.ActiveCfg = AppStore|iPhoneSimulator
		{90EC125E-9B90-431D-89E5-3A65BB27396E}.AppStore|iPhoneSimulator.Build.0 = AppStore|iPhoneSimulator
		{90EC125E-9B90-431D-89E5-3A65BB27396E}.AppStore|x64.ActiveCfg = AppStore|iPhone
		{90EC125E-9B90-431D-89E5-3A65BB27396E}.AppStore|x86.ActiveCfg = AppStore|iPhone
		{90EC125E-9B90-431D-89E5-3A65BB27396E}.Debug|Any CPU.ActiveCfg = Debug|iPhone
		{90EC125E-9B90-431D-89E5-3A65BB27396E}.Debug|ARM.ActiveCfg = Debug|iPhone
		{90EC125E-9B90-431D-89E5-3A65BB27396E}.Debug|iPhone.ActiveCfg = Debug|iPhone
		{90EC125E-9B90-431D-89E5-3A65BB27396E}.Debug|iPhone.Build.0 = Debug|iPhone
		{90EC125E-9B90-431D-89E5-3A65BB27396E}.Debug|iPhoneSimulator.ActiveCfg = Debug|iPhoneSimulator
		{90EC125E-9B90-431D-89E5-3A65BB27396E}.Debug|iPhoneSimulator.Build.0 = Debug|iPhoneSimulator
		{90EC125E-9B90-431D-89E5-3A65BB27396E}.Debug|x64.ActiveCfg = Debug|iPhone
		{90EC125E-9B90-431D-89E5-3A65BB27396E}.Debug|x86.ActiveCfg = Debug|iPhone
		{90EC125E-9B90-431D-89E5-3A65BB27396E}.Release|Any CPU.ActiveCfg = Release|iPhone
		{90EC125E-9B90-431D-89E5-3A65BB27396E}.Release|ARM.ActiveCfg = Release|iPhone
		{90EC125E-9B90-431D-89E5-3A65BB27396E}.Release|iPhone.ActiveCfg = Release|iPhone
		{90EC125E-9B90-431D-89E5-3A65BB27396E}.Release|iPhone.Build.0 = Release|iPhone
		{90EC125E-9B90-431D-89E5-3A65BB27396E}.Release|iPhoneSimulator.ActiveCfg = Release|iPhoneSimulator
		{90EC125E-9B90-431D-89E5-3A65BB27396E}.Release|iPhoneSimulator.Build.0 = Release|iPhoneSimulator
		{90EC125E-9B90-431D-89E5-3A65BB27396E}.Release|x64.ActiveCfg = Release|iPhone
		{90EC125E-9B90-431D-89E5-3A65BB27396E}.Release|x86.ActiveCfg = Release|iPhone
		{674AB44E-E526-4A93-B98A-3F9186400EF4}.Ad-Hoc|Any CPU.ActiveCfg = Release|x86
		{674AB44E-E526-4A93-B98A-3F9186400EF4}.Ad-Hoc|Any CPU.Build.0 = Release|x86
		{674AB44E-E526-4A93-B98A-3F9186400EF4}.Ad-Hoc|Any CPU.Deploy.0 = Release|x86
		{674AB44E-E526-4A93-B98A-3F9186400EF4}.Ad-Hoc|ARM.ActiveCfg = Release|ARM
		{674AB44E-E526-4A93-B98A-3F9186400EF4}.Ad-Hoc|ARM.Build.0 = Release|ARM
		{674AB44E-E526-4A93-B98A-3F9186400EF4}.Ad-Hoc|ARM.Deploy.0 = Release|ARM
		{674AB44E-E526-4A93-B98A-3F9186400EF4}.Ad-Hoc|iPhone.ActiveCfg = Release|x86
		{674AB44E-E526-4A93-B98A-3F9186400EF4}.Ad-Hoc|iPhone.Build.0 = Release|x86
		{674AB44E-E526-4A93-B98A-3F9186400EF4}.Ad-Hoc|iPhone.Deploy.0 = Release|x86
		{674AB44E-E526-4A93-B98A-3F9186400EF4}.Ad-Hoc|iPhoneSimulator.ActiveCfg = Release|x86
		{674AB44E-E526-4A93-B98A-3F9186400EF4}.Ad-Hoc|iPhoneSimulator.Build.0 = Release|x86
		{674AB44E-E526-4A93-B98A-3F9186400EF4}.Ad-Hoc|iPhoneSimulator.Deploy.0 = Release|x86
		{674AB44E-E526-4A93-B98A-3F9186400EF4}.Ad-Hoc|x64.ActiveCfg = Release|x64
		{674AB44E-E526-4A93-B98A-3F9186400EF4}.Ad-Hoc|x64.Build.0 = Release|x64
		{674AB44E-E526-4A93-B98A-3F9186400EF4}.Ad-Hoc|x64.Deploy.0 = Release|x64
		{674AB44E-E526-4A93-B98A-3F9186400EF4}.Ad-Hoc|x86.ActiveCfg = Release|x86
		{674AB44E-E526-4A93-B98A-3F9186400EF4}.Ad-Hoc|x86.Build.0 = Release|x86
		{674AB44E-E526-4A93-B98A-3F9186400EF4}.Ad-Hoc|x86.Deploy.0 = Release|x86
		{674AB44E-E526-4A93-B98A-3F9186400EF4}.AppStore|Any CPU.ActiveCfg = Release|x86
		{674AB44E-E526-4A93-B98A-3F9186400EF4}.AppStore|Any CPU.Build.0 = Release|x86
		{674AB44E-E526-4A93-B98A-3F9186400EF4}.AppStore|Any CPU.Deploy.0 = Release|x86
		{674AB44E-E526-4A93-B98A-3F9186400EF4}.AppStore|ARM.ActiveCfg = Release|ARM
		{674AB44E-E526-4A93-B98A-3F9186400EF4}.AppStore|ARM.Build.0 = Release|ARM
		{674AB44E-E526-4A93-B98A-3F9186400EF4}.AppStore|ARM.Deploy.0 = Release|ARM
		{674AB44E-E526-4A93-B98A-3F9186400EF4}.AppStore|iPhone.ActiveCfg = Release|x86
		{674AB44E-E526-4A93-B98A-3F9186400EF4}.AppStore|iPhone.Build.0 = Release|x86
		{674AB44E-E526-4A93-B98A-3F9186400EF4}.AppStore|iPhone.Deploy.0 = Release|x86
		{674AB44E-E526-4A93-B98A-3F9186400EF4}.AppStore|iPhoneSimulator.ActiveCfg = Release|x86
		{674AB44E-E526-4A93-B98A-3F9186400EF4}.AppStore|iPhoneSimulator.Build.0 = Release|x86
		{674AB44E-E526-4A93-B98A-3F9186400EF4}.AppStore|iPhoneSimulator.Deploy.0 = Release|x86
		{674AB44E-E526-4A93-B98A-3F9186400EF4}.AppStore|x64.ActiveCfg = Release|x64
		{674AB44E-E526-4A93-B98A-3F9186400EF4}.AppStore|x64.Build.0 = Release|x64
		{674AB44E-E526-4A93-B98A-3F9186400EF4}.AppStore|x64.Deploy.0 = Release|x64
		{674AB44E-E526-4A93-B98A-3F9186400EF4}.AppStore|x86.ActiveCfg = Release|x86
		{674AB44E-E526-4A93-B98A-3F9186400EF4}.AppStore|x86.Build.0 = Release|x86
		{674AB44E-E526-4A93-B98A-3F9186400EF4}.AppStore|x86.Deploy.0 = Release|x86
		{674AB44E-E526-4A93-B98A-3F9186400EF4}.Debug|Any CPU.ActiveCfg = Debug|x86
		{674AB44E-E526-4A93-B98A-3F9186400EF4}.Debug|ARM.ActiveCfg = Debug|ARM
		{674AB44E-E526-4A93-B98A-3F9186400EF4}.Debug|ARM.Build.0 = Debug|ARM
		{674AB44E-E526-4A93-B98A-3F9186400EF4}.Debug|ARM.Deploy.0 = Debug|ARM
		{674AB44E-E526-4A93-B98A-3F9186400EF4}.Debug|iPhone.ActiveCfg = Debug|x86
		{674AB44E-E526-4A93-B98A-3F9186400EF4}.Debug|iPhoneSimulator.ActiveCfg = Debug|x86
		{674AB44E-E526-4A93-B98A-3F9186400EF4}.Debug|x64.ActiveCfg = Debug|x64
		{674AB44E-E526-4A93-B98A-3F9186400EF4}.Debug|x64.Build.0 = Debug|x64
		{674AB44E-E526-4A93-B98A-3F9186400EF4}.Debug|x64.Deploy.0 = Debug|x64
		{674AB44E-E526-4A93-B98A-3F9186400EF4}.Debug|x86.ActiveCfg = Debug|x86
		{674AB44E-E526-4A93-B98A-3F9186400EF4}.Debug|x86.Build.0 = Debug|x86
		{674AB44E-E526-4A93-B98A-3F9186400EF4}.Debug|x86.Deploy.0 = Debug|x86
		{674AB44E-E526-4A93-B98A-3F9186400EF4}.Release|Any CPU.ActiveCfg = Release|x86
		{674AB44E-E526-4A93-B98A-3F9186400EF4}.Release|ARM.ActiveCfg = Release|ARM
		{674AB44E-E526-4A93-B98A-3F9186400EF4}.Release|ARM.Build.0 = Release|ARM
		{674AB44E-E526-4A93-B98A-3F9186400EF4}.Release|ARM.Deploy.0 = Release|ARM
		{674AB44E-E526-4A93-B98A-3F9186400EF4}.Release|iPhone.ActiveCfg = Release|x86
		{674AB44E-E526-4A93-B98A-3F9186400EF4}.Release|iPhoneSimulator.ActiveCfg = Release|x86
		{674AB44E-E526-4A93-B98A-3F9186400EF4}.Release|x64.ActiveCfg = Release|x64
		{674AB44E-E526-4A93-B98A-3F9186400EF4}.Release|x64.Build.0 = Release|x64
		{674AB44E-E526-4A93-B98A-3F9186400EF4}.Release|x64.Deploy.0 = Release|x64
		{674AB44E-E526-4A93-B98A-3F9186400EF4}.Release|x86.ActiveCfg = Release|x86
		{674AB44E-E526-4A93-B98A-3F9186400EF4}.Release|x86.Build.0 = Release|x86
		{674AB44E-E526-4A93-B98A-3F9186400EF4}.Release|x86.Deploy.0 = Release|x86
	EndGlobalSection
	GlobalSection(SolutionProperties) = preSolution
		HideSolutionNode = FALSE
	EndGlobalSection
	GlobalSection(ExtensibilityGlobals) = postSolution
		SolutionGuid = {2C761E58-A1F9-438B-974C-CEA6F11CA18C}
	EndGlobalSection
EndGlobal
